
Microsoft Visual Studio Solution File, Format Version 12.00
# Visual Studio Version 17
VisualStudioVersion = 17.9.34728.123
MinimumVisualStudioVersion = 10.0.40219.1
Project("{FAE04EC0-301F-11D3-BF4B-00C04F79EFBC}") = "OpgaveIOOPOgDatabase", "OpgaveIOOPOgDatabase\OpgaveIOOPOgDatabase.csproj", "{AFD29CED-EB93-4921-98F5-3F4BBC49FFD9}"
EndProject
Global
	GlobalSection(SolutionConfigurationPlatforms) = preSolution
		Debug|Any CPU = Debug|Any CPU
		Release|Any CPU = Release|Any CPU
	EndGlobalSection
	GlobalSection(ProjectConfigurationPlatforms) = postSolution
		{AFD29CED-EB93-4921-98F5-3F4BBC49FFD9}.Debug|Any CPU.ActiveCfg = Debug|Any CPU
		{AFD29CED-EB93-4921-98F5-3F4BBC49FFD9}.Debug|Any CPU.Build.0 = Debug|Any CPU
		{AFD29CED-EB93-4921-98F5-3F4BBC49FFD9}.Release|Any CPU.ActiveCfg = Release|Any CPU
		{AFD29CED-EB93-4921-98F5-3F4BBC49FFD9}.Release|Any CPU.Build.0 = Release|Any CPU
	EndGlobalSection
	GlobalSection(SolutionProperties) = preSolution
		HideSolutionNode = FALSE
	EndGlobalSection
	GlobalSection(ExtensibilityGlobals) = postSolution
		SolutionGuid = {E1B0D148-6644-4D6D-B75B-56B578D9FF7A}
	EndGlobalSection
EndGlobal
