
Microsoft Visual Studio Solution File, Format Version 12.00
Project("{FAE04EC0-301F-11D3-BF4B-00C04F79EFBC}") = "ExcelToSQL", "ExcelToSQL\ExcelToSQL.csproj", "{C6E889D0-1598-4395-AD1F-3FCC64ACFF48}"
EndProject
Project("{FAE04EC0-301F-11D3-BF4B-00C04F79EFBC}") = "WinFormsApp1", "WinFormsApp1\WinFormsApp1.csproj", "{58F7D2A8-EA8C-4614-B06E-5DAD17533961}"
EndProject
Global
	GlobalSection(SolutionConfigurationPlatforms) = preSolution
		Debug|Any CPU = Debug|Any CPU
		Release|Any CPU = Release|Any CPU
	EndGlobalSection
	GlobalSection(ProjectConfigurationPlatforms) = postSolution
		{C6E889D0-1598-4395-AD1F-3FCC64ACFF48}.Debug|Any CPU.ActiveCfg = Debug|Any CPU
		{C6E889D0-1598-4395-AD1F-3FCC64ACFF48}.Debug|Any CPU.Build.0 = Debug|Any CPU
		{C6E889D0-1598-4395-AD1F-3FCC64ACFF48}.Release|Any CPU.ActiveCfg = Release|Any CPU
		{C6E889D0-1598-4395-AD1F-3FCC64ACFF48}.Release|Any CPU.Build.0 = Release|Any CPU
		{58F7D2A8-EA8C-4614-B06E-5DAD17533961}.Debug|Any CPU.ActiveCfg = Debug|Any CPU
		{58F7D2A8-EA8C-4614-B06E-5DAD17533961}.Debug|Any CPU.Build.0 = Debug|Any CPU
		{58F7D2A8-EA8C-4614-B06E-5DAD17533961}.Release|Any CPU.ActiveCfg = Release|Any CPU
		{58F7D2A8-EA8C-4614-B06E-5DAD17533961}.Release|Any CPU.Build.0 = Release|Any CPU
	EndGlobalSection
EndGlobal
